
Microsoft Visual Studio Solution File, Format Version 12.00
# Visual Studio 2013
VisualStudioVersion = 12.0.31101.0
MinimumVisualStudioVersion = 10.0.40219.1
Project("{FAE04EC0-301F-11D3-BF4B-00C04F79EFBC}") = "Aplicacao", "Aplicacao\Aplicacao.csproj", "{B73A5508-76E4-4A0D-AD09-F436A851B558}"
EndProject
Project("{FAE04EC0-301F-11D3-BF4B-00C04F79EFBC}") = "Infraestrutura", "Infraestrutura\Infraestrutura.csproj", "{074B0BE4-2EA8-4249-B273-F764CC314FBF}"
EndProject
Project("{FAE04EC0-301F-11D3-BF4B-00C04F79EFBC}") = "Testes", "Testes\Testes.csproj", "{6A52C36B-BFE5-440D-BCDB-13500F42E151}"
EndProject
Project("{FAE04EC0-301F-11D3-BF4B-00C04F79EFBC}") = "Dominio", "Dominio\Dominio.csproj", "{899AACE8-1D02-43D9-9021-AA7E0F506386}"
EndProject
Global
	GlobalSection(SolutionConfigurationPlatforms) = preSolution
		Debug|Any CPU = Debug|Any CPU
		Release|Any CPU = Release|Any CPU
	EndGlobalSection
	GlobalSection(ProjectConfigurationPlatforms) = postSolution
		{B73A5508-76E4-4A0D-AD09-F436A851B558}.Debug|Any CPU.ActiveCfg = Debug|Any CPU
		{B73A5508-76E4-4A0D-AD09-F436A851B558}.Debug|Any CPU.Build.0 = Debug|Any CPU
		{B73A5508-76E4-4A0D-AD09-F436A851B558}.Release|Any CPU.ActiveCfg = Release|Any CPU
		{B73A5508-76E4-4A0D-AD09-F436A851B558}.Release|Any CPU.Build.0 = Release|Any CPU
		{074B0BE4-2EA8-4249-B273-F764CC314FBF}.Debug|Any CPU.ActiveCfg = Debug|Any CPU
		{074B0BE4-2EA8-4249-B273-F764CC314FBF}.Debug|Any CPU.Build.0 = Debug|Any CPU
		{074B0BE4-2EA8-4249-B273-F764CC314FBF}.Release|Any CPU.ActiveCfg = Release|Any CPU
		{074B0BE4-2EA8-4249-B273-F764CC314FBF}.Release|Any CPU.Build.0 = Release|Any CPU
		{6A52C36B-BFE5-440D-BCDB-13500F42E151}.Debug|Any CPU.ActiveCfg = Debug|Any CPU
		{6A52C36B-BFE5-440D-BCDB-13500F42E151}.Debug|Any CPU.Build.0 = Debug|Any CPU
		{6A52C36B-BFE5-440D-BCDB-13500F42E151}.Release|Any CPU.ActiveCfg = Release|Any CPU
		{6A52C36B-BFE5-440D-BCDB-13500F42E151}.Release|Any CPU.Build.0 = Release|Any CPU
		{899AACE8-1D02-43D9-9021-AA7E0F506386}.Debug|Any CPU.ActiveCfg = Debug|Any CPU
		{899AACE8-1D02-43D9-9021-AA7E0F506386}.Debug|Any CPU.Build.0 = Debug|Any CPU
		{899AACE8-1D02-43D9-9021-AA7E0F506386}.Release|Any CPU.ActiveCfg = Release|Any CPU
		{899AACE8-1D02-43D9-9021-AA7E0F506386}.Release|Any CPU.Build.0 = Release|Any CPU
	EndGlobalSection
	GlobalSection(SolutionProperties) = preSolution
		HideSolutionNode = FALSE
	EndGlobalSection
EndGlobal
